
Microsoft Visual Studio Solution File, Format Version 12.00
# Visual Studio 15
VisualStudioVersion = 15.0.27130.2027
MinimumVisualStudioVersion = 10.0.40219.1
Project("{FAE04EC0-301F-11D3-BF4B-00C04F79EFBC}") = "QuanLySV_LINQ", "QuanLySV_LINQ\QuanLySV_LINQ.csproj", "{0C76BFED-6D04-4742-823A-A2ED4658E1B4}"
EndProject
Global
	GlobalSection(SolutionConfigurationPlatforms) = preSolution
		Debug|Any CPU = Debug|Any CPU
		Release|Any CPU = Release|Any CPU
	EndGlobalSection
	GlobalSection(ProjectConfigurationPlatforms) = postSolution
		{0C76BFED-6D04-4742-823A-A2ED4658E1B4}.Debug|Any CPU.ActiveCfg = Debug|Any CPU
		{0C76BFED-6D04-4742-823A-A2ED4658E1B4}.Debug|Any CPU.Build.0 = Debug|Any CPU
		{0C76BFED-6D04-4742-823A-A2ED4658E1B4}.Release|Any CPU.ActiveCfg = Release|Any CPU
		{0C76BFED-6D04-4742-823A-A2ED4658E1B4}.Release|Any CPU.Build.0 = Release|Any CPU
	EndGlobalSection
	GlobalSection(SolutionProperties) = preSolution
		HideSolutionNode = FALSE
	EndGlobalSection
	GlobalSection(ExtensibilityGlobals) = postSolution
		SolutionGuid = {0CFECB7F-A9F9-42B8-BDA4-071F81DBC8BB}
	EndGlobalSection
EndGlobal
