
Microsoft Visual Studio Solution File, Format Version 12.00
# Visual Studio 15
VisualStudioVersion = 15.0.27130.2027
MinimumVisualStudioVersion = 10.0.40219.1
Project("{FAE04EC0-301F-11D3-BF4B-00C04F79EFBC}") = "FastFood_Bai3", "FastFood_Bai3\FastFood_Bai3.csproj", "{41E7AADB-3C4F-424C-A3CC-D0CCB6A9091E}"
EndProject
Global
	GlobalSection(SolutionConfigurationPlatforms) = preSolution
		Debug|Any CPU = Debug|Any CPU
		Release|Any CPU = Release|Any CPU
	EndGlobalSection
	GlobalSection(ProjectConfigurationPlatforms) = postSolution
		{41E7AADB-3C4F-424C-A3CC-D0CCB6A9091E}.Debug|Any CPU.ActiveCfg = Debug|Any CPU
		{41E7AADB-3C4F-424C-A3CC-D0CCB6A9091E}.Debug|Any CPU.Build.0 = Debug|Any CPU
		{41E7AADB-3C4F-424C-A3CC-D0CCB6A9091E}.Release|Any CPU.ActiveCfg = Release|Any CPU
		{41E7AADB-3C4F-424C-A3CC-D0CCB6A9091E}.Release|Any CPU.Build.0 = Release|Any CPU
	EndGlobalSection
	GlobalSection(SolutionProperties) = preSolution
		HideSolutionNode = FALSE
	EndGlobalSection
	GlobalSection(ExtensibilityGlobals) = postSolution
		SolutionGuid = {B54F23F1-36C2-4065-B531-A29BFDECFA29}
	EndGlobalSection
EndGlobal
