
Microsoft Visual Studio Solution File, Format Version 12.00
# Visual Studio 15
VisualStudioVersion = 15.0.27130.2027
MinimumVisualStudioVersion = 10.0.40219.1
Project("{FAE04EC0-301F-11D3-BF4B-00C04F79EFBC}") = "QuanLyDeTai", "QuanLyDeTai\QuanLyDeTai.csproj", "{07583430-D9A6-4431-88F1-824FA52CE31B}"
EndProject
Global
	GlobalSection(SolutionConfigurationPlatforms) = preSolution
		Debug|Any CPU = Debug|Any CPU
		Release|Any CPU = Release|Any CPU
	EndGlobalSection
	GlobalSection(ProjectConfigurationPlatforms) = postSolution
		{07583430-D9A6-4431-88F1-824FA52CE31B}.Debug|Any CPU.ActiveCfg = Debug|Any CPU
		{07583430-D9A6-4431-88F1-824FA52CE31B}.Debug|Any CPU.Build.0 = Debug|Any CPU
		{07583430-D9A6-4431-88F1-824FA52CE31B}.Release|Any CPU.ActiveCfg = Release|Any CPU
		{07583430-D9A6-4431-88F1-824FA52CE31B}.Release|Any CPU.Build.0 = Release|Any CPU
	EndGlobalSection
	GlobalSection(SolutionProperties) = preSolution
		HideSolutionNode = FALSE
	EndGlobalSection
	GlobalSection(ExtensibilityGlobals) = postSolution
		SolutionGuid = {24DED2D4-93A1-45CA-B97B-4E777E0552A6}
	EndGlobalSection
EndGlobal
